
Microsoft Visual Studio Solution File, Format Version 12.00
# Visual Studio Version 16
VisualStudioVersion = 16.0.29509.3
MinimumVisualStudioVersion = 10.0.40219.1
Project("{FAE04EC0-301F-11D3-BF4B-00C04F79EFBC}") = "MVCRazor_Clone", "MVCRazor_Clone\MVCRazor_Clone.csproj", "{F2579511-D08B-43CB-8196-2AA830151349}"
EndProject
Global
	GlobalSection(SolutionConfigurationPlatforms) = preSolution
		Debug|Any CPU = Debug|Any CPU
		Release|Any CPU = Release|Any CPU
	EndGlobalSection
	GlobalSection(ProjectConfigurationPlatforms) = postSolution
		{F2579511-D08B-43CB-8196-2AA830151349}.Debug|Any CPU.ActiveCfg = Debug|Any CPU
		{F2579511-D08B-43CB-8196-2AA830151349}.Debug|Any CPU.Build.0 = Debug|Any CPU
		{F2579511-D08B-43CB-8196-2AA830151349}.Release|Any CPU.ActiveCfg = Release|Any CPU
		{F2579511-D08B-43CB-8196-2AA830151349}.Release|Any CPU.Build.0 = Release|Any CPU
	EndGlobalSection
	GlobalSection(SolutionProperties) = preSolution
		HideSolutionNode = FALSE
	EndGlobalSection
	GlobalSection(ExtensibilityGlobals) = postSolution
		SolutionGuid = {3C87D14B-D7D7-44D7-B093-0C0BC12B9056}
	EndGlobalSection
EndGlobal
